PODS:
  - KinescopeSDK (0.1)
  - ReactiveDataDisplayManager (6.0.0)

DEPENDENCIES:
  - KinescopeSDK (from `../`)
  - ReactiveDataDisplayManager (from `https://github.com/surfstudio/ReactiveDataDisplayManager`, branch `develop`)

EXTERNAL SOURCES:
  KinescopeSDK:
    :path: "../"
  ReactiveDataDisplayManager:
    :branch: develop
    :git: https://github.com/surfstudio/ReactiveDataDisplayManager

CHECKOUT OPTIONS:
  ReactiveDataDisplayManager:
    :commit: b5b0f360ecfad8ed892a53c431ce1f1baad82dfe
    :git: https://github.com/surfstudio/ReactiveDataDisplayManager

SPEC CHECKSUMS:
  KinescopeSDK: aa9306473678c6a47166f6133d8545b5565b24d5
  ReactiveDataDisplayManager: 53c14bb0e0ccef2047a4816651ef904500cf83da

PODFILE CHECKSUM: 7bbc40fcb44a77e9f4a40bf2439cdc8225ee81af

COCOAPODS: 1.8.0
