PODS:
  - KinescopeSDK (0.1)
  - ReactiveDataDisplayManager (6.0.0)

DEPENDENCIES:
  - KinescopeSDK (from `../`)
  - ReactiveDataDisplayManager (from `https://github.com/surfstudio/ReactiveDataDisplayManager`, commit `b5b0f360ecfad8ed892a53c431ce1f1baad82dfe`)

EXTERNAL SOURCES:
  KinescopeSDK:
    :path: "../"
  ReactiveDataDisplayManager:
    :commit: b5b0f360ecfad8ed892a53c431ce1f1baad82dfe
    :git: https://github.com/surfstudio/ReactiveDataDisplayManager

CHECKOUT OPTIONS:
  ReactiveDataDisplayManager:
    :commit: b5b0f360ecfad8ed892a53c431ce1f1baad82dfe
    :git: https://github.com/surfstudio/ReactiveDataDisplayManager

SPEC CHECKSUMS:
  KinescopeSDK: 95b2da2e14411157a669a9f70bd536c82fcacde9
  ReactiveDataDisplayManager: 53c14bb0e0ccef2047a4816651ef904500cf83da

PODFILE CHECKSUM: 6e0e85b0c3be408e8d71035077f6cf8694ee04ca

COCOAPODS: 1.10.1
