PODS:
  - KinescopeSDK (0.2-beta):
    - M3U8Kit (~> 1.0)
    - SwiftProtobuf (~> 1.0)
  - Kingfisher (6.2.1)
  - M3U8Kit (1.0.2)
  - ReactiveDataDisplayManager (7.0.0)
  - SwiftProtobuf (1.16.0)

DEPENDENCIES:
  - KinescopeSDK (from `../`)
  - Kingfisher (~> 6.2.1)
  - ReactiveDataDisplayManager (~> 7.0.0-beta)

SPEC REPOS:
  trunk:
    - Kingfisher
    - M3U8Kit
    - ReactiveDataDisplayManager
    - SwiftProtobuf

EXTERNAL SOURCES:
  KinescopeSDK:
    :path: "../"

SPEC CHECKSUMS:
  KinescopeSDK: ef225e81056222f5f8e133c63bea6a7a3633c5d2
  Kingfisher: e71c6fac2aebb1262888cabc2cb13d313362a48f
  M3U8Kit: 6a0d55ba2e62e146f34f53276d7c3aa78ed4fc00
  ReactiveDataDisplayManager: 0ff30e94f5c9785e4f366ca5e09bef00eb6a8ba8
  SwiftProtobuf: 4e16842b83c6fda06b10fac50d73b3f1fce8ab7b

PODFILE CHECKSUM: 16301e56b578a66ff683d6aae023c456365e17e9

COCOAPODS: 1.10.2
