PODS:
  - GoSwiftyM3U8 (1.0.0)
  - SwiftProtobuf (1.16.0)

DEPENDENCIES:
  - GoSwiftyM3U8 (~> 1.0.0)
  - SwiftProtobuf (~> 1.0)

SPEC REPOS:
  https://github.com/cocoapods/specs.git:
    - GoSwiftyM3U8
    - SwiftProtobuf

SPEC CHECKSUMS:
  GoSwiftyM3U8: 24c6ca77a150fc7f0cf17895ff11c9e8ff1e4d87
  SwiftProtobuf: 4e16842b83c6fda06b10fac50d73b3f1fce8ab7b

PODFILE CHECKSUM: bd1f8a04fd25587b04058686e9854c8864ebe42c

COCOAPODS: 1.7.3
