// !$*UTF8*$!
{
	archiveVersion = 1;
	classes = {
	};
	objectVersion = 51;
	objects = {

/* Begin PBXBuildFile section */
		27803C78BC9292176387B837 /* Main.storyboard in Resources */ = {isa = PBXBuildFile; fileRef = 1297BC1CB454C3BA783E4F43 /* Main.storyboard */; };
		4CE8078E78304438232FCD0D /* ConfigStorage.swift in Sources */ = {isa = PBXBuildFile; fileRef = 7B71D3741FB772726928CC02 /* ConfigStorage.swift */; };
		4F66AFB3A32776CED4598E42 /* VideoListFocusableCellGenerator.swift in Sources */ = {isa = PBXBuildFile; fileRef = 4A366BFC33AA765D5889FCA5 /* VideoListFocusableCellGenerator.swift */; };
		58B43A1C8C518A286DB9EBEB /* VideoViewController.swift in Sources */ = {isa = PBXBuildFile; fileRef = EB8FAFE6D902EDF9332B6176 /* VideoViewController.swift */; };
		6A34E20FFAE57A4DE4522A6B /* Debouncer.swift in Sources */ = {isa = PBXBuildFile; fileRef = CA9D2311AEDF8D389D577A35 /* Debouncer.swift */; };
		6E4269CADAE4110CF3E96574 /* AppDelegate.swift in Sources */ = {isa = PBXBuildFile; fileRef = DA6D1B1FB02192C67211B98A /* AppDelegate.swift */; };
		7368F7676D135E40AA776C50 /* EmptyView.swift in Sources */ = {isa = PBXBuildFile; fileRef = 508C4602E3E4B5D5D5BA8FD8 /* EmptyView.swift */; };
		8BB99F9E7D641EA74050ABF7 /* FocusableItem.swift in Sources */ = {isa = PBXBuildFile; fileRef = C03FA76E45742849B9B29429 /* FocusableItem.swift */; };
		9F1820D56B96774A31DFEBED /* AuthSelectorController.swift in Sources */ = {isa = PBXBuildFile; fileRef = B72FC26817E3EC28FCC3B21E /* AuthSelectorController.swift */; };
		A9DC9A690B125B8124A8EBDF /* CurrentCellFocusPlugin.swift in Sources */ = {isa = PBXBuildFile; fileRef = BFA0B2A73C59AD113CB5976A /* CurrentCellFocusPlugin.swift */; };
		B1E9AE507740662091763DC9 /* VideoListController.swift in Sources */ = {isa = PBXBuildFile; fileRef = 246B7F2D473017AA57153302 /* VideoListController.swift */; };
		C37AD95F62ABC930BE625443 /* User.swift in Sources */ = {isa = PBXBuildFile; fileRef = FD747CF272A25BB0F30BB85A /* User.swift */; };
		CCCAFC2092F5E99F1DCEC001 /* UserCell.swift in Sources */ = {isa = PBXBuildFile; fileRef = 406FFA096A7AD6CD8255B8AC /* UserCell.swift */; };
		D4BDE5F2CA5E68E3788B63DA /* Pods_KinescopeExample.framework in Frameworks */ = {isa = PBXBuildFile; fileRef = 08549648C4DDD3458F528C26 /* Pods_KinescopeExample.framework */; };
		DBD96A231FB2F7CDED8CEDDD /* VideoListCell.xib in Resources */ = {isa = PBXBuildFile; fileRef = 8DA6E3DD8840BCD239516A03 /* VideoListCell.xib */; };
		E27847B7474CE6E6D06D2793 /* VideoListCell.swift in Sources */ = {isa = PBXBuildFile; fileRef = F59A91C77A3A14596F5C5226 /* VideoListCell.swift */; };
		E2E3E7080D78E3690E531239 /* UIKit.framework in Frameworks */ = {isa = PBXBuildFile; fileRef = 1B5BA8AD065732355D68FC30 /* UIKit.framework */; };
		E6F14042128A330F268DBED7 /* UserCell.xib in Resources */ = {isa = PBXBuildFile; fileRef = 51123599CB6E5F785E81071F /* UserCell.xib */; };
		FA0B3C752FBA9905C7353D1C /* KinescopeConfig.plist in Resources */ = {isa = PBXBuildFile; fileRef = 78C442C19E61EBCB16A746A3 /* KinescopeConfig.plist */; };
		FDE7CBB089D7D45FA27883F5 /* PaginatorView.swift in Sources */ = {isa = PBXBuildFile; fileRef = 1697D697E9F0904B87B756B7 /* PaginatorView.swift */; };
/* End PBXBuildFile section */

/* Begin PBXFileReference section */
		08549648C4DDD3458F528C26 /* Pods_KinescopeExample.framework */ = {isa = PBXFileReference; explicitFileType = wrapper.framework; includeInIndex = 0; path = Pods_KinescopeExample.framework; sourceTree = BUILT_PRODUCTS_DIR; };
		1297BC1CB454C3BA783E4F43 /* Main.storyboard */ = {isa = PBXFileReference; lastKnownFileType = file.storyboard; path = Main.storyboard; sourceTree = "<group>"; };
		1697D697E9F0904B87B756B7 /* PaginatorView.swift */ = {isa = PBXFileReference; lastKnownFileType = sourcecode.swift; path = PaginatorView.swift; sourceTree = "<group>"; };
		1B5BA8AD065732355D68FC30 /* UIKit.framework */ = {isa = PBXFileReference; lastKnownFileType = wrapper.framework; name = UIKit.framework; path = System/Library/Frameworks/UIKit.framework; sourceTree = SDKROOT; };
		246B7F2D473017AA57153302 /* VideoListController.swift */ = {isa = PBXFileReference; lastKnownFileType = sourcecode.swift; path = VideoListController.swift; sourceTree = "<group>"; };
		3299E0B8F9C5E0E62196C129 /* Info.plist */ = {isa = PBXFileReference; lastKnownFileType = text.plist; path = Info.plist; sourceTree = "<group>"; };
		406FFA096A7AD6CD8255B8AC /* UserCell.swift */ = {isa = PBXFileReference; lastKnownFileType = sourcecode.swift; path = UserCell.swift; sourceTree = "<group>"; };
		4A366BFC33AA765D5889FCA5 /* VideoListFocusableCellGenerator.swift */ = {isa = PBXFileReference; lastKnownFileType = sourcecode.swift; path = VideoListFocusableCellGenerator.swift; sourceTree = "<group>"; };
		508C4602E3E4B5D5D5BA8FD8 /* EmptyView.swift */ = {isa = PBXFileReference; lastKnownFileType = sourcecode.swift; path = EmptyView.swift; sourceTree = "<group>"; };
		51123599CB6E5F785E81071F /* UserCell.xib */ = {isa = PBXFileReference; lastKnownFileType = file.xib; path = UserCell.xib; sourceTree = "<group>"; };
		55C91EEA81342541CAA34DEC /* Pods-KinescopeExample.release.xcconfig */ = {isa = PBXFileReference; includeInIndex = 1; lastKnownFileType = text.xcconfig; name = "Pods-KinescopeExample.release.xcconfig"; path = "Target Support Files/Pods-KinescopeExample/Pods-KinescopeExample.release.xcconfig"; sourceTree = "<group>"; };
		78C442C19E61EBCB16A746A3 /* KinescopeConfig.plist */ = {isa = PBXFileReference; lastKnownFileType = text.plist; path = KinescopeConfig.plist; sourceTree = "<group>"; };
		7B71D3741FB772726928CC02 /* ConfigStorage.swift */ = {isa = PBXFileReference; lastKnownFileType = sourcecode.swift; path = ConfigStorage.swift; sourceTree = "<group>"; };
		8DA6E3DD8840BCD239516A03 /* VideoListCell.xib */ = {isa = PBXFileReference; lastKnownFileType = file.xib; path = VideoListCell.xib; sourceTree = "<group>"; };
		96FB4A4491B8B00FA3019B09 /* KinescopeExample.app */ = {isa = PBXFileReference; includeInIndex = 0; lastKnownFileType = wrapper.application; path = KinescopeExample.app; sourceTree = BUILT_PRODUCTS_DIR; };
		B72FC26817E3EC28FCC3B21E /* AuthSelectorController.swift */ = {isa = PBXFileReference; lastKnownFileType = sourcecode.swift; path = AuthSelectorController.swift; sourceTree = "<group>"; };
		BFA0B2A73C59AD113CB5976A /* CurrentCellFocusPlugin.swift */ = {isa = PBXFileReference; lastKnownFileType = sourcecode.swift; path = CurrentCellFocusPlugin.swift; sourceTree = "<group>"; };
		C03FA76E45742849B9B29429 /* FocusableItem.swift */ = {isa = PBXFileReference; lastKnownFileType = sourcecode.swift; path = FocusableItem.swift; sourceTree = "<group>"; };
		CA9D2311AEDF8D389D577A35 /* Debouncer.swift */ = {isa = PBXFileReference; lastKnownFileType = sourcecode.swift; path = Debouncer.swift; sourceTree = "<group>"; };
		DA6D1B1FB02192C67211B98A /* AppDelegate.swift */ = {isa = PBXFileReference; lastKnownFileType = sourcecode.swift; path = AppDelegate.swift; sourceTree = "<group>"; };
		EB8FAFE6D902EDF9332B6176 /* VideoViewController.swift */ = {isa = PBXFileReference; lastKnownFileType = sourcecode.swift; path = VideoViewController.swift; sourceTree = "<group>"; };
		EBB4D8134A01D8BB0DBD5672 /* Pods-KinescopeExample.debug.xcconfig */ = {isa = PBXFileReference; includeInIndex = 1; lastKnownFileType = text.xcconfig; name = "Pods-KinescopeExample.debug.xcconfig"; path = "Target Support Files/Pods-KinescopeExample/Pods-KinescopeExample.debug.xcconfig"; sourceTree = "<group>"; };
		F59A91C77A3A14596F5C5226 /* VideoListCell.swift */ = {isa = PBXFileReference; lastKnownFileType = sourcecode.swift; path = VideoListCell.swift; sourceTree = "<group>"; };
		FD747CF272A25BB0F30BB85A /* User.swift */ = {isa = PBXFileReference; lastKnownFileType = sourcecode.swift; path = User.swift; sourceTree = "<group>"; };
/* End PBXFileReference section */

/* Begin PBXFrameworksBuildPhase section */
		CB7AB8D3C554BB3208DC3C46 /* Frameworks */ = {
			isa = PBXFrameworksBuildPhase;
			buildActionMask = 2147483647;
			files = (
				E2E3E7080D78E3690E531239 /* UIKit.framework in Frameworks */,
				D4BDE5F2CA5E68E3788B63DA /* Pods_KinescopeExample.framework in Frameworks */,
			);
			runOnlyForDeploymentPostprocessing = 0;
		};
/* End PBXFrameworksBuildPhase section */

/* Begin PBXGroup section */
		039CE0E6CF6B49D51422D717 /* AuthSelector */ = {
			isa = PBXGroup;
			children = (
				B72FC26817E3EC28FCC3B21E /* AuthSelectorController.swift */,
				508C4602E3E4B5D5D5BA8FD8 /* EmptyView.swift */,
				FBFD75BAA3B62733B231FA24 /* Cell */,
			);
			path = AuthSelector;
			sourceTree = "<group>";
		};
		04605A919CA4A5FDF6394B74 /* Flows */ = {
			isa = PBXGroup;
			children = (
				EB8FAFE6D902EDF9332B6176 /* VideoViewController.swift */,
				039CE0E6CF6B49D51422D717 /* AuthSelector */,
				AF687273EFB801F59B28F156 /* VideoList */,
			);
			path = Flows;
			sourceTree = "<group>";
		};
		0E1DEFEC7B456B248F1F6FF5 /* Products */ = {
			isa = PBXGroup;
			children = (
				96FB4A4491B8B00FA3019B09 /* KinescopeExample.app */,
			);
			name = Products;
			sourceTree = "<group>";
		};
		7450ED92051EFFF412035B45 /* KinescopeExample */ = {
			isa = PBXGroup;
			children = (
				DA6D1B1FB02192C67211B98A /* AppDelegate.swift */,
				78C442C19E61EBCB16A746A3 /* KinescopeConfig.plist */,
				1297BC1CB454C3BA783E4F43 /* Main.storyboard */,
				F21B407A21937579E5951A32 /* Application */,
				04605A919CA4A5FDF6394B74 /* Flows */,
				B40A0E326F2A62509005F0D1 /* Helper */,
			);
			path = KinescopeExample;
			sourceTree = "<group>";
		};
		81BB57F38255C447C00A8B35 /* Frameworks */ = {
			isa = PBXGroup;
			children = (
				1B5BA8AD065732355D68FC30 /* UIKit.framework */,
				08549648C4DDD3458F528C26 /* Pods_KinescopeExample.framework */,
			);
			name = Frameworks;
			sourceTree = "<group>";
		};
		84B4A43D876C272309285B78 /* Pods */ = {
			isa = PBXGroup;
			children = (
				EBB4D8134A01D8BB0DBD5672 /* Pods-KinescopeExample.debug.xcconfig */,
				55C91EEA81342541CAA34DEC /* Pods-KinescopeExample.release.xcconfig */,
			);
			name = Pods;
			path = Pods;
			sourceTree = "<group>";
		};
		AF687273EFB801F59B28F156 /* VideoList */ = {
			isa = PBXGroup;
			children = (
				1697D697E9F0904B87B756B7 /* PaginatorView.swift */,
				246B7F2D473017AA57153302 /* VideoListController.swift */,
				DA55C4A5CEC4FFF0336695D1 /* Cell */,
				F144A88D9BE2EBC7DD6839F8 /* FocusPlugin */,
			);
			path = VideoList;
			sourceTree = "<group>";
		};
		B40A0E326F2A62509005F0D1 /* Helper */ = {
			isa = PBXGroup;
			children = (
				7B71D3741FB772726928CC02 /* ConfigStorage.swift */,
				FD747CF272A25BB0F30BB85A /* User.swift */,
			);
			path = Helper;
			sourceTree = "<group>";
		};
		D09F6815030B468C4B8FCCBD = {
			isa = PBXGroup;
			children = (
				7450ED92051EFFF412035B45 /* KinescopeExample */,
				81BB57F38255C447C00A8B35 /* Frameworks */,
				0E1DEFEC7B456B248F1F6FF5 /* Products */,
				84B4A43D876C272309285B78 /* Pods */,
			);
			sourceTree = "<group>";
		};
		DA55C4A5CEC4FFF0336695D1 /* Cell */ = {
			isa = PBXGroup;
			children = (
				F59A91C77A3A14596F5C5226 /* VideoListCell.swift */,
				8DA6E3DD8840BCD239516A03 /* VideoListCell.xib */,
				4A366BFC33AA765D5889FCA5 /* VideoListFocusableCellGenerator.swift */,
			);
			path = Cell;
			sourceTree = "<group>";
		};
		F144A88D9BE2EBC7DD6839F8 /* FocusPlugin */ = {
			isa = PBXGroup;
			children = (
				BFA0B2A73C59AD113CB5976A /* CurrentCellFocusPlugin.swift */,
				CA9D2311AEDF8D389D577A35 /* Debouncer.swift */,
				C03FA76E45742849B9B29429 /* FocusableItem.swift */,
			);
			path = FocusPlugin;
			sourceTree = "<group>";
		};
		F21B407A21937579E5951A32 /* Application */ = {
			isa = PBXGroup;
			children = (
				3299E0B8F9C5E0E62196C129 /* Info.plist */,
			);
			path = Application;
			sourceTree = "<group>";
		};
		FBFD75BAA3B62733B231FA24 /* Cell */ = {
			isa = PBXGroup;
			children = (
				406FFA096A7AD6CD8255B8AC /* UserCell.swift */,
				51123599CB6E5F785E81071F /* UserCell.xib */,
			);
			path = Cell;
			sourceTree = "<group>";
		};
/* End PBXGroup section */

/* Begin PBXNativeTarget section */
		DAD9A1A1F3A9232E027C1860 /* KinescopeExample */ = {
			isa = PBXNativeTarget;
			buildConfigurationList = DD131C8ACC5712E5819DCDAE /* Build configuration list for PBXNativeTarget "KinescopeExample" */;
			buildPhases = (
				4E17F3A1DEA575700E29C735 /* [CP] Check Pods Manifest.lock */,
				1D1F2DA9F9E7D46D31255291 /* Sources */,
				75391D939658B78C30F37B07 /* Resources */,
				CB7AB8D3C554BB3208DC3C46 /* Frameworks */,
				05BB3A153727B66507B104AC /* [CP] Embed Pods Frameworks */,
			);
			buildRules = (
			);
			dependencies = (
			);
			name = KinescopeExample;
			productName = KinescopeExample;
			productReference = 96FB4A4491B8B00FA3019B09 /* KinescopeExample.app */;
			productType = "com.apple.product-type.application";
		};
/* End PBXNativeTarget section */

/* Begin PBXProject section */
		D2D8ACE2FD093454DC1DCD28 /* Project object */ = {
			isa = PBXProject;
			attributes = {
				LastUpgradeCheck = 1200;
				TargetAttributes = {
					DAD9A1A1F3A9232E027C1860 = {
						DevelopmentTeam = EFAAG9GXN4;
						ProvisioningStyle = Automatic;
					};
				};
			};
			buildConfigurationList = 5FE2796E05B4A4B3A1419753 /* Build configuration list for PBXProject "KinescopeExample" */;
			compatibilityVersion = "Xcode 10.0";
			developmentRegion = en;
			hasScannedForEncodings = 0;
			knownRegions = (
				Base,
				en,
			);
			mainGroup = D09F6815030B468C4B8FCCBD;
			productRefGroup = 0E1DEFEC7B456B248F1F6FF5 /* Products */;
			projectDirPath = "";
			projectRoot = "";
			targets = (
				DAD9A1A1F3A9232E027C1860 /* KinescopeExample */,
			);
		};
/* End PBXProject section */

/* Begin PBXResourcesBuildPhase section */
		75391D939658B78C30F37B07 /* Resources */ = {
			isa = PBXResourcesBuildPhase;
			buildActionMask = 2147483647;
			files = (
				FA0B3C752FBA9905C7353D1C /* KinescopeConfig.plist in Resources */,
				27803C78BC9292176387B837 /* Main.storyboard in Resources */,
				E6F14042128A330F268DBED7 /* UserCell.xib in Resources */,
				DBD96A231FB2F7CDED8CEDDD /* VideoListCell.xib in Resources */,
			);
			runOnlyForDeploymentPostprocessing = 0;
		};
/* End PBXResourcesBuildPhase section */

/* Begin PBXShellScriptBuildPhase section */
		05BB3A153727B66507B104AC /* [CP] Embed Pods Frameworks */ = {
			isa = PBXShellScriptBuildPhase;
			buildActionMask = 2147483647;
			files = (
			);
			inputFileListPaths = (
				"${PODS_ROOT}/Target Support Files/Pods-KinescopeExample/Pods-KinescopeExample-frameworks-${CONFIGURATION}-input-files.xcfilelist",
			);
			name = "[CP] Embed Pods Frameworks";
			outputFileListPaths = (
				"${PODS_ROOT}/Target Support Files/Pods-KinescopeExample/Pods-KinescopeExample-frameworks-${CONFIGURATION}-output-files.xcfilelist",
			);
			runOnlyForDeploymentPostprocessing = 0;
			shellPath = /bin/sh;
			shellScript = "\"${PODS_ROOT}/Target Support Files/Pods-KinescopeExample/Pods-KinescopeExample-frameworks.sh\"\n";
			showEnvVarsInLog = 0;
		};
		4E17F3A1DEA575700E29C735 /* [CP] Check Pods Manifest.lock */ = {
			isa = PBXShellScriptBuildPhase;
			buildActionMask = 2147483647;
			files = (
			);
			inputFileListPaths = (
			);
			inputPaths = (
				"${PODS_PODFILE_DIR_PATH}/Podfile.lock",
				"${PODS_ROOT}/Manifest.lock",
			);
			name = "[CP] Check Pods Manifest.lock";
			outputFileListPaths = (
			);
			outputPaths = (
				"$(DERIVED_FILE_DIR)/Pods-KinescopeExample-checkManifestLockResult.txt",
			);
			runOnlyForDeploymentPostprocessing = 0;
			shellPath = /bin/sh;
			shellScript = "diff \"${PODS_PODFILE_DIR_PATH}/Podfile.lock\" \"${PODS_ROOT}/Manifest.lock\" > /dev/null\nif [ $? != 0 ] ; then\n    # print error to STDERR\n    echo \"error: The sandbox is not in sync with the Podfile.lock. Run 'pod install' or update your CocoaPods installation.\" >&2\n    exit 1\nfi\n# This output is used by Xcode 'outputs' to avoid re-running this script phase.\necho \"SUCCESS\" > \"${SCRIPT_OUTPUT_FILE_0}\"\n";
			showEnvVarsInLog = 0;
		};
/* End PBXShellScriptBuildPhase section */

/* Begin PBXSourcesBuildPhase section */
		1D1F2DA9F9E7D46D31255291 /* Sources */ = {
			isa = PBXSourcesBuildPhase;
			buildActionMask = 2147483647;
			files = (
				6E4269CADAE4110CF3E96574 /* AppDelegate.swift in Sources */,
				9F1820D56B96774A31DFEBED /* AuthSelectorController.swift in Sources */,
				4CE8078E78304438232FCD0D /* ConfigStorage.swift in Sources */,
				A9DC9A690B125B8124A8EBDF /* CurrentCellFocusPlugin.swift in Sources */,
				6A34E20FFAE57A4DE4522A6B /* Debouncer.swift in Sources */,
				7368F7676D135E40AA776C50 /* EmptyView.swift in Sources */,
				8BB99F9E7D641EA74050ABF7 /* FocusableItem.swift in Sources */,
				FDE7CBB089D7D45FA27883F5 /* PaginatorView.swift in Sources */,
				C37AD95F62ABC930BE625443 /* User.swift in Sources */,
				CCCAFC2092F5E99F1DCEC001 /* UserCell.swift in Sources */,
				E27847B7474CE6E6D06D2793 /* VideoListCell.swift in Sources */,
				B1E9AE507740662091763DC9 /* VideoListController.swift in Sources */,
				4F66AFB3A32776CED4598E42 /* VideoListFocusableCellGenerator.swift in Sources */,
				58B43A1C8C518A286DB9EBEB /* VideoViewController.swift in Sources */,
			);
			runOnlyForDeploymentPostprocessing = 0;
		};
/* End PBXSourcesBuildPhase section */

/* Begin XCBuildConfiguration section */
		1C486D161EACA453645ACED6 /* Debug */ = {
			isa = XCBuildConfiguration;
			baseConfigurationReference = EBB4D8134A01D8BB0DBD5672 /* Pods-KinescopeExample.debug.xcconfig */;
			buildSettings = {
				ASSETCATALOG_COMPILER_APPICON_NAME = AppIcon;
				CODE_SIGN_IDENTITY = "iPhone Developer";
				CODE_SIGN_STYLE = Automatic;
				CURRENT_PROJECT_VERSION = 0;
				DEBUG_INFORMATION_FORMAT = "dwarf-with-dsym";
				INFOPLIST_FILE = KinescopeExample/Application/Info.plist;
				IPHONEOS_DEPLOYMENT_TARGET = 10.0;
				LD_RUNPATH_SEARCH_PATHS = (
					"$(inherited)",
					"@executable_path/Frameworks",
					"@loader_path/Frameworks",
				);
				MARKETING_VERSION = 0.1;
				PRODUCT_BUNDLE_IDENTIFIER = io.kinescope.example;
				SDKROOT = iphoneos;
				TARGETED_DEVICE_FAMILY = "1,2";
				VERSIONING_SYSTEM = "apple-generic";
			};
			name = Debug;
		};
		1E6C1F34CF7BDDF69A23A9F2 /* Release */ = {
			isa = XCBuildConfiguration;
			buildSettings = {
				ALWAYS_SEARCH_USER_PATHS = NO;
				CLANG_ANALYZER_NONNULL = YES;
				CLANG_ANALYZER_NUMBER_OBJECT_CONVERSION = YES_AGGRESSIVE;
				CLANG_CXX_LANGUAGE_STANDARD = "gnu++14";
				CLANG_CXX_LIBRARY = "libc++";
				CLANG_ENABLE_MODULES = YES;
				CLANG_ENABLE_OBJC_ARC = YES;
				CLANG_WARN_BLOCK_CAPTURE_AUTORELEASING = YES;
				CLANG_WARN_BOOL_CONVERSION = YES;
				CLANG_WARN_COMMA = YES;
				CLANG_WARN_CONSTANT_CONVERSION = YES;
				CLANG_WARN_DEPRECATED_OBJC_IMPLEMENTATIONS = YES;
				CLANG_WARN_DIRECT_OBJC_ISA_USAGE = YES_ERROR;
				CLANG_WARN_DOCUMENTATION_COMMENTS = YES;
				CLANG_WARN_EMPTY_BODY = YES;
				CLANG_WARN_ENUM_CONVERSION = YES;
				CLANG_WARN_INFINITE_RECURSION = YES;
				CLANG_WARN_INT_CONVERSION = YES;
				CLANG_WARN_NON_LITERAL_NULL_CONVERSION = YES;
				CLANG_WARN_OBJC_IMPLICIT_RETAIN_SELF = YES;
				CLANG_WARN_OBJC_LITERAL_CONVERSION = YES;
				CLANG_WARN_OBJC_ROOT_CLASS = YES_ERROR;
				CLANG_WARN_RANGE_LOOP_ANALYSIS = YES;
				CLANG_WARN_STRICT_PROTOTYPES = YES;
				CLANG_WARN_SUSPICIOUS_MOVE = YES;
				CLANG_WARN_UNGUARDED_AVAILABILITY = YES_AGGRESSIVE;
				CLANG_WARN_UNREACHABLE_CODE = YES;
				CLANG_WARN__DUPLICATE_METHOD_MATCH = YES;
				COPY_PHASE_STRIP = NO;
				DEBUG_INFORMATION_FORMAT = "dwarf-with-dsym";
				DEVELOPMENT_TEAM = EFAAG9GXN4;
				ENABLE_NS_ASSERTIONS = NO;
				ENABLE_STRICT_OBJC_MSGSEND = YES;
				GCC_C_LANGUAGE_STANDARD = gnu11;
				GCC_NO_COMMON_BLOCKS = YES;
				GCC_WARN_64_TO_32_BIT_CONVERSION = YES;
				GCC_WARN_ABOUT_RETURN_TYPE = YES_ERROR;
				GCC_WARN_UNDECLARED_SELECTOR = YES;
				GCC_WARN_UNINITIALIZED_AUTOS = YES_AGGRESSIVE;
				GCC_WARN_UNUSED_FUNCTION = YES;
				GCC_WARN_UNUSED_VARIABLE = YES;
				PRODUCT_NAME = "$(TARGET_NAME)";
				SDKROOT = iphoneos;
				SWIFT_COMPILATION_MODE = wholemodule;
				SWIFT_VERSION = 5.0;
				VALIDATE_PRODUCT = YES;
			};
			name = Release;
		};
		85CDCF86B3F2840A9AC709CF /* Release */ = {
			isa = XCBuildConfiguration;
			baseConfigurationReference = 55C91EEA81342541CAA34DEC /* Pods-KinescopeExample.release.xcconfig */;
			buildSettings = {
				ASSETCATALOG_COMPILER_APPICON_NAME = AppIcon;
				CODE_SIGN_IDENTITY = "iPhone Developer";
				CODE_SIGN_STYLE = Automatic;
				CURRENT_PROJECT_VERSION = 0;
				DEBUG_INFORMATION_FORMAT = "dwarf-with-dsym";
				INFOPLIST_FILE = KinescopeExample/Application/Info.plist;
				IPHONEOS_DEPLOYMENT_TARGET = 10.0;
				LD_RUNPATH_SEARCH_PATHS = (
					"$(inherited)",
					"@executable_path/Frameworks",
					"@loader_path/Frameworks",
				);
				MARKETING_VERSION = 0.1;
				PRODUCT_BUNDLE_IDENTIFIER = io.kinescope.example;
				SDKROOT = iphoneos;
				TARGETED_DEVICE_FAMILY = "1,2";
				VERSIONING_SYSTEM = "apple-generic";
			};
			name = Release;
		};
		D5A892AEA4AEFB4F9AFD509A /* Debug */ = {
			isa = XCBuildConfiguration;
			buildSettings = {
				ALWAYS_SEARCH_USER_PATHS = NO;
				CLANG_ANALYZER_NONNULL = YES;
				CLANG_ANALYZER_NUMBER_OBJECT_CONVERSION = YES_AGGRESSIVE;
				CLANG_CXX_LANGUAGE_STANDARD = "gnu++14";
				CLANG_CXX_LIBRARY = "libc++";
				CLANG_ENABLE_MODULES = YES;
				CLANG_ENABLE_OBJC_ARC = YES;
				CLANG_WARN_BLOCK_CAPTURE_AUTORELEASING = YES;
				CLANG_WARN_BOOL_CONVERSION = YES;
				CLANG_WARN_COMMA = YES;
				CLANG_WARN_CONSTANT_CONVERSION = YES;
				CLANG_WARN_DEPRECATED_OBJC_IMPLEMENTATIONS = YES;
				CLANG_WARN_DIRECT_OBJC_ISA_USAGE = YES_ERROR;
				CLANG_WARN_DOCUMENTATION_COMMENTS = YES;
				CLANG_WARN_EMPTY_BODY = YES;
				CLANG_WARN_ENUM_CONVERSION = YES;
				CLANG_WARN_INFINITE_RECURSION = YES;
				CLANG_WARN_INT_CONVERSION = YES;
				CLANG_WARN_NON_LITERAL_NULL_CONVERSION = YES;
				CLANG_WARN_OBJC_IMPLICIT_RETAIN_SELF = YES;
				CLANG_WARN_OBJC_LITERAL_CONVERSION = YES;
				CLANG_WARN_OBJC_ROOT_CLASS = YES_ERROR;
				CLANG_WARN_RANGE_LOOP_ANALYSIS = YES;
				CLANG_WARN_STRICT_PROTOTYPES = YES;
				CLANG_WARN_SUSPICIOUS_MOVE = YES;
				CLANG_WARN_UNGUARDED_AVAILABILITY = YES_AGGRESSIVE;
				CLANG_WARN_UNREACHABLE_CODE = YES;
				CLANG_WARN__DUPLICATE_METHOD_MATCH = YES;
				COPY_PHASE_STRIP = NO;
				DEBUG_INFORMATION_FORMAT = dwarf;
				DEVELOPMENT_TEAM = EFAAG9GXN4;
				ENABLE_STRICT_OBJC_MSGSEND = YES;
				ENABLE_TESTABILITY = YES;
				GCC_C_LANGUAGE_STANDARD = gnu11;
				GCC_DYNAMIC_NO_PIC = NO;
				GCC_NO_COMMON_BLOCKS = YES;
				GCC_OPTIMIZATION_LEVEL = 0;
				GCC_PREPROCESSOR_DEFINITIONS = (
					"$(inherited)",
					"DEBUG=1",
				);
				GCC_WARN_64_TO_32_BIT_CONVERSION = YES;
				GCC_WARN_ABOUT_RETURN_TYPE = YES_ERROR;
				GCC_WARN_UNDECLARED_SELECTOR = YES;
				GCC_WARN_UNINITIALIZED_AUTOS = YES_AGGRESSIVE;
				GCC_WARN_UNUSED_FUNCTION = YES;
				GCC_WARN_UNUSED_VARIABLE = YES;
				MTL_ENABLE_DEBUG_INFO = YES;
				ONLY_ACTIVE_ARCH = YES;
				PRODUCT_NAME = "$(TARGET_NAME)";
				SDKROOT = iphoneos;
				SWIFT_ACTIVE_COMPILATION_CONDITIONS = DEBUG;
				SWIFT_OPTIMIZATION_LEVEL = "-Onone";
				SWIFT_VERSION = 5.0;
			};
			name = Debug;
		};
/* End XCBuildConfiguration section */

/* Begin XCConfigurationList section */
		5FE2796E05B4A4B3A1419753 /* Build configuration list for PBXProject "KinescopeExample" */ = {
			isa = XCConfigurationList;
			buildConfigurations = (
				D5A892AEA4AEFB4F9AFD509A /* Debug */,
				1E6C1F34CF7BDDF69A23A9F2 /* Release */,
			);
			defaultConfigurationIsVisible = 0;
			defaultConfigurationName = Debug;
		};
		DD131C8ACC5712E5819DCDAE /* Build configuration list for PBXNativeTarget "KinescopeExample" */ = {
			isa = XCConfigurationList;
			buildConfigurations = (
				1C486D161EACA453645ACED6 /* Debug */,
				85CDCF86B3F2840A9AC709CF /* Release */,
			);
			defaultConfigurationIsVisible = 0;
			defaultConfigurationName = Debug;
		};
/* End XCConfigurationList section */
	};
	rootObject = D2D8ACE2FD093454DC1DCD28 /* Project object */;
}
